
Microsoft Visual Studio Solution File, Format Version 12.00
# Visual Studio Version 16
VisualStudioVersion = 16.0.31025.194
MinimumVisualStudioVersion = 10.0.40219.1
Project("{9A19103F-16F7-4668-BE54-9A1E7A4F7556}") = "HotelListing", "Quartz\HotelListing.csproj", "{AAD5348B-5778-478B-A17D-8FB74C44A8F5}"
EndProject
Global
	GlobalSection(SolutionConfigurationPlatforms) = preSolution
		Debug|Any CPU = Debug|Any CPU
		Release|Any CPU = Release|Any CPU
	EndGlobalSection
	GlobalSection(ProjectConfigurationPlatforms) = postSolution
		{AAD5348B-5778-478B-A17D-8FB74C44A8F5}.Debug|Any CPU.ActiveCfg = Debug|Any CPU
		{AAD5348B-5778-478B-A17D-8FB74C44A8F5}.Debug|Any CPU.Build.0 = Debug|Any CPU
		{AAD5348B-5778-478B-A17D-8FB74C44A8F5}.Release|Any CPU.ActiveCfg = Release|Any CPU
		{AAD5348B-5778-478B-A17D-8FB74C44A8F5}.Release|Any CPU.Build.0 = Release|Any CPU
	EndGlobalSection
	GlobalSection(SolutionProperties) = preSolution
		HideSolutionNode = FALSE
	EndGlobalSection
	GlobalSection(ExtensibilityGlobals) = postSolution
		SolutionGuid = {EF4E71ED-E454-4E50-BC09-694A9C296FBA}
	EndGlobalSection
EndGlobal
